// !$*UTF8*$!
{
	archiveVersion = 1;
	classes = {
	};
	objectVersion = 46;
	objects = {

/* Begin PBXBuildFile section */
		C91EBFA61D19CD8600EFB6F1 /* main.cpp in Sources */ = {isa = PBXBuildFile; fileRef = C91EBFA51D19CD8600EFB6F1 /* main.cpp */; };
		C91EBFB01D1A223900EFB6F1 /* Bitmap.cpp in Sources */ = {isa = PBXBuildFile; fileRef = C91EBFAE1D1A223900EFB6F1 /* Bitmap.cpp */; };
		C91EBFB31D1B176200EFB6F1 /* Mandelbrot.cpp in Sources */ = {isa = PBXBuildFile; fileRef = C91EBFB11D1B176200EFB6F1 /* Mandelbrot.cpp */; };
		C91EBFB91D1B560A00EFB6F1 /* ZoomList.cpp in Sources */ = {isa = PBXBuildFile; fileRef = C91EBFB71D1B560A00EFB6F1 /* ZoomList.cpp */; };
		C91EBFBC1D1B712500EFB6F1 /* FractalCreator.cpp in Sources */ = {isa = PBXBuildFile; fileRef = C91EBFBA1D1B712500EFB6F1 /* FractalCreator.cpp */; };
		C91EBFBF1D1B8FCC00EFB6F1 /* RGB.cpp in Sources */ = {isa = PBXBuildFile; fileRef = C91EBFBD1D1B8FCC00EFB6F1 /* RGB.cpp */; };
/* End PBXBuildFile section */

/* Begin PBXCopyFilesBuildPhase section */
		C91EBFA01D19CD8600EFB6F1 /* CopyFiles */ = {
			isa = PBXCopyFilesBuildPhase;
			buildActionMask = 2147483647;
			dstPath = /usr/share/man/man1/;
			dstSubfolderSpec = 0;
			files = (
			);
			runOnlyForDeploymentPostprocessing = 1;
		};
/* End PBXCopyFilesBuildPhase section */

/* Begin PBXFileReference section */
		C91EBFA21D19CD8600EFB6F1 /* fractalCreator */ = {isa = PBXFileReference; explicitFileType = "compiled.mach-o.executable"; includeInIndex = 0; path = fractalCreator; sourceTree = BUILT_PRODUCTS_DIR; };
		C91EBFA51D19CD8600EFB6F1 /* main.cpp */ = {isa = PBXFileReference; lastKnownFileType = sourcecode.cpp.cpp; path = main.cpp; sourceTree = "<group>"; };
		C91EBFAC1D19F4E100EFB6F1 /* BitmapFileHeader.h */ = {isa = PBXFileReference; lastKnownFileType = sourcecode.c.h; path = BitmapFileHeader.h; sourceTree = "<group>"; };
		C91EBFAD1D19F96800EFB6F1 /* BitmapInfoHeader.h */ = {isa = PBXFileReference; lastKnownFileType = sourcecode.c.h; path = BitmapInfoHeader.h; sourceTree = "<group>"; };
		C91EBFAE1D1A223900EFB6F1 /* Bitmap.cpp */ = {isa = PBXFileReference; fileEncoding = 4; lastKnownFileType = sourcecode.cpp.cpp; path = Bitmap.cpp; sourceTree = "<group>"; };
		C91EBFAF1D1A223900EFB6F1 /* Bitmap.hpp */ = {isa = PBXFileReference; fileEncoding = 4; lastKnownFileType = sourcecode.cpp.h; path = Bitmap.hpp; sourceTree = "<group>"; };
		C91EBFB11D1B176200EFB6F1 /* Mandelbrot.cpp */ = {isa = PBXFileReference; fileEncoding = 4; lastKnownFileType = sourcecode.cpp.cpp; path = Mandelbrot.cpp; sourceTree = "<group>"; };
		C91EBFB21D1B176200EFB6F1 /* Mandelbrot.hpp */ = {isa = PBXFileReference; fileEncoding = 4; lastKnownFileType = sourcecode.cpp.h; path = Mandelbrot.hpp; sourceTree = "<group>"; };
		C91EBFB51D1B541400EFB6F1 /* Zoom.hpp */ = {isa = PBXFileReference; fileEncoding = 4; lastKnownFileType = sourcecode.cpp.h; path = Zoom.hpp; sourceTree = "<group>"; };
		C91EBFB71D1B560A00EFB6F1 /* ZoomList.cpp */ = {isa = PBXFileReference; fileEncoding = 4; lastKnownFileType = sourcecode.cpp.cpp; path = ZoomList.cpp; sourceTree = "<group>"; };
		C91EBFB81D1B560A00EFB6F1 /* ZoomList.hpp */ = {isa = PBXFileReference; fileEncoding = 4; lastKnownFileType = sourcecode.cpp.h; path = ZoomList.hpp; sourceTree = "<group>"; };
		C91EBFBA1D1B712500EFB6F1 /* FractalCreator.cpp */ = {isa = PBXFileReference; fileEncoding = 4; lastKnownFileType = sourcecode.cpp.cpp; path = FractalCreator.cpp; sourceTree = "<group>"; };
		C91EBFBB1D1B712500EFB6F1 /* FractalCreator.hpp */ = {isa = PBXFileReference; fileEncoding = 4; lastKnownFileType = sourcecode.cpp.h; path = FractalCreator.hpp; sourceTree = "<group>"; };
		C91EBFBD1D1B8FCC00EFB6F1 /* RGB.cpp */ = {isa = PBXFileReference; fileEncoding = 4; lastKnownFileType = sourcecode.cpp.cpp; path = RGB.cpp; sourceTree = "<group>"; };
		C91EBFBE1D1B8FCC00EFB6F1 /* RGB.hpp */ = {isa = PBXFileReference; fileEncoding = 4; lastKnownFileType = sourcecode.cpp.h; path = RGB.hpp; sourceTree = "<group>"; };
/* End PBXFileReference section */

/* Begin PBXFrameworksBuildPhase section */
		C91EBF9F1D19CD8600EFB6F1 /* Frameworks */ = {
			isa = PBXFrameworksBuildPhase;
			buildActionMask = 2147483647;
			files = (
			);
			runOnlyForDeploymentPostprocessing = 0;
		};
/* End PBXFrameworksBuildPhase section */

/* Begin PBXGroup section */
		C91EBF991D19CD8600EFB6F1 = {
			isa = PBXGroup;
			children = (
				C91EBFA41D19CD8600EFB6F1 /* fractalCreator */,
				C91EBFA31D19CD8600EFB6F1 /* Products */,
			);
			sourceTree = "<group>";
		};
		C91EBFA31D19CD8600EFB6F1 /* Products */ = {
			isa = PBXGroup;
			children = (
				C91EBFA21D19CD8600EFB6F1 /* fractalCreator */,
			);
			name = Products;
			sourceTree = "<group>";
		};
		C91EBFA41D19CD8600EFB6F1 /* fractalCreator */ = {
			isa = PBXGroup;
			children = (
				C91EBFA51D19CD8600EFB6F1 /* main.cpp */,
				C91EBFAC1D19F4E100EFB6F1 /* BitmapFileHeader.h */,
				C91EBFAD1D19F96800EFB6F1 /* BitmapInfoHeader.h */,
				C91EBFAE1D1A223900EFB6F1 /* Bitmap.cpp */,
				C91EBFAF1D1A223900EFB6F1 /* Bitmap.hpp */,
				C91EBFB11D1B176200EFB6F1 /* Mandelbrot.cpp */,
				C91EBFB21D1B176200EFB6F1 /* Mandelbrot.hpp */,
				C91EBFB51D1B541400EFB6F1 /* Zoom.hpp */,
				C91EBFB71D1B560A00EFB6F1 /* ZoomList.cpp */,
				C91EBFB81D1B560A00EFB6F1 /* ZoomList.hpp */,
				C91EBFBA1D1B712500EFB6F1 /* FractalCreator.cpp */,
				C91EBFBB1D1B712500EFB6F1 /* FractalCreator.hpp */,
				C91EBFBD1D1B8FCC00EFB6F1 /* RGB.cpp */,
				C91EBFBE1D1B8FCC00EFB6F1 /* RGB.hpp */,
			);
			path = fractalCreator;
			sourceTree = "<group>";
		};
/* End PBXGroup section */

/* Begin PBXNativeTarget section */
		C91EBFA11D19CD8600EFB6F1 /* fractalCreator */ = {
			isa = PBXNativeTarget;
			buildConfigurationList = C91EBFA91D19CD8600EFB6F1 /* Build configuration list for PBXNativeTarget "fractalCreator" */;
			buildPhases = (
				C91EBF9E1D19CD8600EFB6F1 /* Sources */,
				C91EBF9F1D19CD8600EFB6F1 /* Frameworks */,
				C91EBFA01D19CD8600EFB6F1 /* CopyFiles */,
			);
			buildRules = (
			);
			dependencies = (
			);
			name = fractalCreator;
			productName = fractalCreator;
			productReference = C91EBFA21D19CD8600EFB6F1 /* fractalCreator */;
			productType = "com.apple.product-type.tool";
		};
/* End PBXNativeTarget section */

/* Begin PBXProject section */
		C91EBF9A1D19CD8600EFB6F1 /* Project object */ = {
			isa = PBXProject;
			attributes = {
				LastUpgradeCheck = 0730;
				ORGANIZATIONNAME = mycompany;
				TargetAttributes = {
					C91EBFA11D19CD8600EFB6F1 = {
						CreatedOnToolsVersion = 7.3.1;
					};
				};
			};
			buildConfigurationList = C91EBF9D1D19CD8600EFB6F1 /* Build configuration list for PBXProject "fractalCreator" */;
			compatibilityVersion = "Xcode 3.2";
			developmentRegion = English;
			hasScannedForEncodings = 0;
			knownRegions = (
				en,
			);
			mainGroup = C91EBF991D19CD8600EFB6F1;
			productRefGroup = C91EBFA31D19CD8600EFB6F1 /* Products */;
			projectDirPath = "";
			projectRoot = "";
			targets = (
				C91EBFA11D19CD8600EFB6F1 /* fractalCreator */,
			);
		};
/* End PBXProject section */

/* Begin PBXSourcesBuildPhase section */
		C91EBF9E1D19CD8600EFB6F1 /* Sources */ = {
			isa = PBXSourcesBuildPhase;
			buildActionMask = 2147483647;
			files = (
				C91EBFBC1D1B712500EFB6F1 /* FractalCreator.cpp in Sources */,
				C91EBFB31D1B176200EFB6F1 /* Mandelbrot.cpp in Sources */,
				C91EBFB01D1A223900EFB6F1 /* Bitmap.cpp in Sources */,
				C91EBFBF1D1B8FCC00EFB6F1 /* RGB.cpp in Sources */,
				C91EBFB91D1B560A00EFB6F1 /* ZoomList.cpp in Sources */,
				C91EBFA61D19CD8600EFB6F1 /* main.cpp in Sources */,
			);
			runOnlyForDeploymentPostprocessing = 0;
		};
/* End PBXSourcesBuildPhase section */

/* Begin XCBuildConfiguration section */
		C91EBFA71D19CD8600EFB6F1 /* Debug */ = {
			isa = XCBuildConfiguration;
			buildSettings = {
				ALWAYS_SEARCH_USER_PATHS = NO;
				CLANG_ANALYZER_NONNULL = YES;
				CLANG_CXX_LANGUAGE_STANDARD = "gnu++0x";
				CLANG_CXX_LIBRARY = "libc++";
				CLANG_ENABLE_MODULES = YES;
				CLANG_ENABLE_OBJC_ARC = YES;
				CLANG_WARN_BOOL_CONVERSION = YES;
				CLANG_WARN_CONSTANT_CONVERSION = YES;
				CLANG_WARN_DIRECT_OBJC_ISA_USAGE = YES_ERROR;
				CLANG_WARN_EMPTY_BODY = YES;
				CLANG_WARN_ENUM_CONVERSION = YES;
				CLANG_WARN_INT_CONVERSION = YES;
				CLANG_WARN_OBJC_ROOT_CLASS = YES_ERROR;
				CLANG_WARN_UNREACHABLE_CODE = YES;
				CLANG_WARN__DUPLICATE_METHOD_MATCH = YES;
				CODE_SIGN_IDENTITY = "-";
				COPY_PHASE_STRIP = NO;
				DEBUG_INFORMATION_FORMAT = dwarf;
				ENABLE_STRICT_OBJC_MSGSEND = YES;
				ENABLE_TESTABILITY = YES;
				GCC_C_LANGUAGE_STANDARD = gnu99;
				GCC_DYNAMIC_NO_PIC = NO;
				GCC_NO_COMMON_BLOCKS = YES;
				GCC_OPTIMIZATION_LEVEL = 0;
				GCC_PREPROCESSOR_DEFINITIONS = (
					"DEBUG=1",
					"$(inherited)",
				);
				GCC_WARN_64_TO_32_BIT_CONVERSION = YES;
				GCC_WARN_ABOUT_RETURN_TYPE = YES_ERROR;
				GCC_WARN_UNDECLARED_SELECTOR = YES;
				GCC_WARN_UNINITIALIZED_AUTOS = YES_AGGRESSIVE;
				GCC_WARN_UNUSED_FUNCTION = YES;
				GCC_WARN_UNUSED_VARIABLE = YES;
				MACOSX_DEPLOYMENT_TARGET = 10.11;
				MTL_ENABLE_DEBUG_INFO = YES;
				ONLY_ACTIVE_ARCH = YES;
				SDKROOT = macosx;
			};
			name = Debug;
		};
		C91EBFA81D19CD8600EFB6F1 /* Release */ = {
			isa = XCBuildConfiguration;
			buildSettings = {
				ALWAYS_SEARCH_USER_PATHS = NO;
				CLANG_ANALYZER_NONNULL = YES;
				CLANG_CXX_LANGUAGE_STANDARD = "gnu++0x";
				CLANG_CXX_LIBRARY = "libc++";
				CLANG_ENABLE_MODULES = YES;
				CLANG_ENABLE_OBJC_ARC = YES;
				CLANG_WARN_BOOL_CONVERSION = YES;
				CLANG_WARN_CONSTANT_CONVERSION = YES;
				CLANG_WARN_DIRECT_OBJC_ISA_USAGE = YES_ERROR;
				CLANG_WARN_EMPTY_BODY = YES;
				CLANG_WARN_ENUM_CONVERSION = YES;
				CLANG_WARN_INT_CONVERSION = YES;
				CLANG_WARN_OBJC_ROOT_CLASS = YES_ERROR;
				CLANG_WARN_UNREACHABLE_CODE = YES;
				CLANG_WARN__DUPLICATE_METHOD_MATCH = YES;
				CODE_SIGN_IDENTITY = "-";
				COPY_PHASE_STRIP = NO;
				DEBUG_INFORMATION_FORMAT = "dwarf-with-dsym";
				ENABLE_NS_ASSERTIONS = NO;
				ENABLE_STRICT_OBJC_MSGSEND = YES;
				GCC_C_LANGUAGE_STANDARD = gnu99;
				GCC_NO_COMMON_BLOCKS = YES;
				GCC_WARN_64_TO_32_BIT_CONVERSION = YES;
				GCC_WARN_ABOUT_RETURN_TYPE = YES_ERROR;
				GCC_WARN_UNDECLARED_SELECTOR = YES;
				GCC_WARN_UNINITIALIZED_AUTOS = YES_AGGRESSIVE;
				GCC_WARN_UNUSED_FUNCTION = YES;
				GCC_WARN_UNUSED_VARIABLE = YES;
				MACOSX_DEPLOYMENT_TARGET = 10.11;
				MTL_ENABLE_DEBUG_INFO = NO;
				SDKROOT = macosx;
			};
			name = Release;
		};
		C91EBFAA1D19CD8600EFB6F1 /* Debug */ = {
			isa = XCBuildConfiguration;
			buildSettings = {
				PRODUCT_NAME = "$(TARGET_NAME)";
			};
			name = Debug;
		};
		C91EBFAB1D19CD8600EFB6F1 /* Release */ = {
			isa = XCBuildConfiguration;
			buildSettings = {
				PRODUCT_NAME = "$(TARGET_NAME)";
			};
			name = Release;
		};
/* End XCBuildConfiguration section */

/* Begin XCConfigurationList section */
		C91EBF9D1D19CD8600EFB6F1 /* Build configuration list for PBXProject "fractalCreator" */ = {
			isa = XCConfigurationList;
			buildConfigurations = (
				C91EBFA71D19CD8600EFB6F1 /* Debug */,
				C91EBFA81D19CD8600EFB6F1 /* Release */,
			);
			defaultConfigurationIsVisible = 0;
			defaultConfigurationName = Release;
		};
		C91EBFA91D19CD8600EFB6F1 /* Build configuration list for PBXNativeTarget "fractalCreator" */ = {
			isa = XCConfigurationList;
			buildConfigurations = (
				C91EBFAA1D19CD8600EFB6F1 /* Debug */,
				C91EBFAB1D19CD8600EFB6F1 /* Release */,
			);
			defaultConfigurationIsVisible = 0;
		};
/* End XCConfigurationList section */
	};
	rootObject = C91EBF9A1D19CD8600EFB6F1 /* Project object */;
}
